
Microsoft Visual Studio Solution File, Format Version 12.00
# Visual Studio Version 16
VisualStudioVersion = 16.0.31205.134
MinimumVisualStudioVersion = 10.0.40219.1
Project("{FAE04EC0-301F-11D3-BF4B-00C04F79EFBC}") = "Recrutify.DataAccess", "Recrutify.DataAccess\Recrutify.DataAccess.csproj", "{B0D0708F-2659-4FD4-B7B7-37CA605AD413}"
EndProject
Project("{FAE04EC0-301F-11D3-BF4B-00C04F79EFBC}") = "Recrutify.Services", "Recrutify.Services\Recrutify.Services.csproj", "{356A3B91-1428-4258-97BD-DD9E112C7D95}"
EndProject
Project("{FAE04EC0-301F-11D3-BF4B-00C04F79EFBC}") = "Recrutify.Host", "Recrutify.Host\Recrutify.Host.csproj", "{3A0BDCE2-53DB-41D5-92D3-E4E62D2156FF}"
EndProject
Project("{FAE04EC0-301F-11D3-BF4B-00C04F79EFBC}") = "Recrutify.Tests", "Recrutify.Tests\Recrutify.Tests.csproj", "{EE815CB3-09DF-4C43-9391-ED4EDC716D95}"
EndProject
Global
	GlobalSection(SolutionConfigurationPlatforms) = preSolution
		Debug|Any CPU = Debug|Any CPU
		Release|Any CPU = Release|Any CPU
	EndGlobalSection
	GlobalSection(ProjectConfigurationPlatforms) = postSolution
		{B0D0708F-2659-4FD4-B7B7-37CA605AD413}.Debug|Any CPU.ActiveCfg = Debug|Any CPU
		{B0D0708F-2659-4FD4-B7B7-37CA605AD413}.Debug|Any CPU.Build.0 = Debug|Any CPU
		{B0D0708F-2659-4FD4-B7B7-37CA605AD413}.Release|Any CPU.ActiveCfg = Release|Any CPU
		{B0D0708F-2659-4FD4-B7B7-37CA605AD413}.Release|Any CPU.Build.0 = Release|Any CPU
		{356A3B91-1428-4258-97BD-DD9E112C7D95}.Debug|Any CPU.ActiveCfg = Debug|Any CPU
		{356A3B91-1428-4258-97BD-DD9E112C7D95}.Debug|Any CPU.Build.0 = Debug|Any CPU
		{356A3B91-1428-4258-97BD-DD9E112C7D95}.Release|Any CPU.ActiveCfg = Release|Any CPU
		{356A3B91-1428-4258-97BD-DD9E112C7D95}.Release|Any CPU.Build.0 = Release|Any CPU
		{3A0BDCE2-53DB-41D5-92D3-E4E62D2156FF}.Debug|Any CPU.ActiveCfg = Debug|Any CPU
		{3A0BDCE2-53DB-41D5-92D3-E4E62D2156FF}.Debug|Any CPU.Build.0 = Debug|Any CPU
		{3A0BDCE2-53DB-41D5-92D3-E4E62D2156FF}.Release|Any CPU.ActiveCfg = Release|Any CPU
		{3A0BDCE2-53DB-41D5-92D3-E4E62D2156FF}.Release|Any CPU.Build.0 = Release|Any CPU
		{EE815CB3-09DF-4C43-9391-ED4EDC716D95}.Debug|Any CPU.ActiveCfg = Debug|Any CPU
		{EE815CB3-09DF-4C43-9391-ED4EDC716D95}.Debug|Any CPU.Build.0 = Debug|Any CPU
		{EE815CB3-09DF-4C43-9391-ED4EDC716D95}.Release|Any CPU.ActiveCfg = Release|Any CPU
		{EE815CB3-09DF-4C43-9391-ED4EDC716D95}.Release|Any CPU.Build.0 = Release|Any CPU
	EndGlobalSection
	GlobalSection(SolutionProperties) = preSolution
		HideSolutionNode = FALSE
	EndGlobalSection
	GlobalSection(ExtensibilityGlobals) = postSolution
		SolutionGuid = {2FB1A97E-349E-4FDE-B406-C7CF5BE8B095}
	EndGlobalSection
EndGlobal
